{
  "name": "dsh-docker-services",
  "version": "0.1.0",
  "lockfileVersion": 3,
  "requires": true,
  "packages": {
    "": {
      "name": "dsh-docker-services",
      "version": "0.1.0",
      "license": "Apache-2.0",
      "workspaces": [
        "packages/*"
      ],
      "devDependencies": {
        "@types/node": "22.19.0",
        "typescript": "5.9.3"
      },
      "engines": {
        "node": "^22.19.0 || >=24.0.0"
      }
    },
    "node_modules/@deepseek-ai/cordis": {
      "version": "4.0.1",
      "dev": true,
      "license": "MIT",
      "dependencies": {
        "@deepseek-ai/cosmokit": "^1.8.2",
        "@standard-schema/spec": "^1.1.0"
      },
      "bin": {
        "cordis": "bin.js"
      },
      "peerDependencies": {
        "@deepseek-ai/cordis-plugin-include": "^1.0.6",
        "@deepseek-ai/cordis-plugin-loader": "^1.0.2"
      },
      "peerDependenciesMeta": {
        "@deepseek-ai/cordis-plugin-include": {
          "optional": true
        },
        "@deepseek-ai/cordis-plugin-loader": {
          "optional": true
        }
      }
    },
    "node_modules/@deepseek-ai/cordis-plugin-include": {
      "version": "1.0.6",
      "dev": true,
      "license": "MIT",
      "peer": true,
      "dependencies": {
        "@deepseek-ai/cosmokit": "^1.8.2",
        "js-yaml": "^4.1.0"
      },
      "peerDependencies": {
        "@deepseek-ai/cordis": "^4.0.1",
        "@deepseek-ai/cordis-plugin-loader": "^1.0.2"
      }
    },
    "node_modules/@deepseek-ai/cordis-plugin-loader": {
      "version": "1.0.2",
      "dev": true,
      "license": "MIT",
      "peer": true,
      "dependencies": {
        "@deepseek-ai/cosmokit": "^1.8.2"
      },
      "peerDependencies": {
        "@deepseek-ai/cordis": "^4.0.1",
        "node-addon-require-builtin": "^0.1.4"
      },
      "peerDependenciesMeta": {
        "node-addon-require-builtin": {
          "optional": true
        }
      }
    },
    "node_modules/@deepseek-ai/cosmokit": {
      "version": "1.8.2",
      "license": "MIT"
    },
    "node_modules/@deepseek-ai/dsh-agent": {
      "version": "0.1.0-rc.8",
      "dev": true,
      "license": "MIT",
      "peer": true,
      "peerDependencies": {
        "@deepseek-ai/cordis": "^4.0.1",
        "@deepseek-ai/dsh-invariants": "^0.1.0-rc.8",
        "@deepseek-ai/dsh-llm": "^0.1.0-rc.8",
        "@deepseek-ai/dsh-scope": "^0.1.0-rc.8",
        "@deepseek-ai/dsh-session": "^0.1.0-rc.8",
        "@deepseek-ai/dsh-system-prompt": "^0.1.0-rc.8",
        "@deepseek-ai/dsh-typert-protocol": "^0.1.0-rc.8"
      }
    },
    "node_modules/@deepseek-ai/dsh-agent-default-model": {
      "version": "0.1.0-rc.8",
      "dev": true,
      "license": "MIT",
      "peer": true,
      "dependencies": {
        "@deepseek-ai/schemastery": "^3.18.1"
      },
      "peerDependencies": {
        "@deepseek-ai/cordis": "^4.0.1",
        "@deepseek-ai/dsh-agent": "^0.1.0-rc.8",
        "@deepseek-ai/dsh-invariants": "^0.1.0-rc.8",
        "@deepseek-ai/dsh-llm": "^0.1.0-rc.8",
        "@deepseek-ai/dsh-settings": "^0.1.0-rc.8"
      }
    },
    "node_modules/@deepseek-ai/dsh-agent-presets": {
      "version": "0.1.0-rc.8",
      "dev": true,
      "license": "MIT",
      "peer": true,
      "dependencies": {
        "@deepseek-ai/schemastery": "^3.18.1",
        "js-yaml": "^4.1.0"
      },
      "peerDependencies": {
        "@deepseek-ai/cordis": "^4.0.1",
        "@deepseek-ai/cordis-plugin-include": "^1.0.6",
        "@deepseek-ai/cordis-plugin-loader": "^1.0.2",
        "@deepseek-ai/dsh-agent": "^0.1.0-rc.8",
        "@deepseek-ai/dsh-atomic-write": "^0.1.0-rc.8",
        "@deepseek-ai/dsh-home-paths": "^0.1.0-rc.8",
        "@deepseek-ai/dsh-invariants": "^0.1.0-rc.8",
        "@deepseek-ai/dsh-scope": "^0.1.0-rc.8",
        "@deepseek-ai/dsh-session": "^0.1.0-rc.8",
        "@deepseek-ai/dsh-settings": "^0.1.0-rc.8",
        "@deepseek-ai/dsh-system-prompt": "^0.1.0-rc.8"
      }
    },
    "node_modules/@deepseek-ai/dsh-api-gateway": {
      "version": "0.1.0-rc.8",
      "dev": true,
      "license": "MIT",
      "peer": true,
      "dependencies": {
        "@deepseek-ai/dsh-typert-protocol": "^0.1.0-rc.8"
      },
      "peerDependencies": {
        "@deepseek-ai/cordis": "^4.0.1",
        "@deepseek-ai/dsh-client-connection": "^0.1.0-rc.8",
        "@deepseek-ai/dsh-invariants": "^0.1.0-rc.8",
        "@deepseek-ai/dsh-typert-registry": "^0.1.0-rc.8"
      }
    },
    "node_modules/@deepseek-ai/dsh-api-remotes": {
      "version": "0.1.0-rc.8",
      "dev": true,
      "license": "MIT",
      "peer": true,
      "dependencies": {
        "@deepseek-ai/dsh-typert-protocol": "^0.1.0-rc.8"
      },
      "peerDependencies": {
        "@deepseek-ai/cordis": "^4.0.1",
        "@deepseek-ai/dsh-agent": "^0.1.0-rc.8",
        "@deepseek-ai/dsh-agent-presets": "^0.1.0-rc.8",
        "@deepseek-ai/dsh-api-gateway": "^0.1.0-rc.8",
        "@deepseek-ai/dsh-commands": "^0.1.0-rc.8",
        "@deepseek-ai/dsh-cordis-host-runner": "^0.1.0-rc.8",
        "@deepseek-ai/dsh-credentials": "^0.1.0-rc.8",
        "@deepseek-ai/dsh-file-reference": "^0.1.0-rc.8",
        "@deepseek-ai/dsh-goal": "^0.1.0-rc.8",
        "@deepseek-ai/dsh-host-plugin-inventory": "^0.1.0-rc.8",
        "@deepseek-ai/dsh-invariants": "^0.1.0-rc.8",
        "@deepseek-ai/dsh-llm": "^0.1.0-rc.8",
        "@deepseek-ai/dsh-message-feedback": "^0.1.0-rc.8",
        "@deepseek-ai/dsh-session": "^0.1.0-rc.8",
        "@deepseek-ai/dsh-session-persistence": "^0.1.0-rc.8",
        "@deepseek-ai/dsh-session-reference": "^0.1.0-rc.8",
        "@deepseek-ai/dsh-settings": "^0.1.0-rc.8",
        "@deepseek-ai/dsh-typert-registry": "^0.1.0-rc.8"
      }
    },
    "node_modules/@deepseek-ai/dsh-atomic-write": {
      "version": "0.1.0-rc.8",
      "dev": true,
      "license": "MIT",
      "peer": true,
      "peerDependencies": {
        "@deepseek-ai/cordis": "^4.0.1",
        "@deepseek-ai/dsh-invariants": "^0.1.0-rc.8"
      }
    },
    "node_modules/@deepseek-ai/dsh-attachment": {
      "version": "0.1.0-rc.8",
      "dev": true,
      "license": "MIT",
      "peer": true,
      "peerDependencies": {
        "@deepseek-ai/cordis": "^4.0.1",
        "@deepseek-ai/dsh-brand": "^0.1.0-rc.8",
        "@deepseek-ai/dsh-invariants": "^0.1.0-rc.8"
      }
    },
    "node_modules/@deepseek-ai/dsh-brand": {
      "version": "0.1.0-rc.8",
      "dev": true,
      "license": "MIT",
      "peer": true,
      "peerDependencies": {
        "@deepseek-ai/cordis": "^4.0.1",
        "@deepseek-ai/dsh-invariants": "^0.1.0-rc.8"
      }
    },
    "node_modules/@deepseek-ai/dsh-client-connection": {
      "version": "0.1.0-rc.8",
      "dev": true,
      "license": "MIT",
      "dependencies": {
        "@deepseek-ai/schemastery": "^3.18.1",
        "ws": "^8.21.0"
      },
      "peerDependencies": {
        "@deepseek-ai/cordis": "^4.0.1",
        "@deepseek-ai/dsh-attachment": "^0.1.0-rc.8",
        "@deepseek-ai/dsh-commands": "^0.1.0-rc.8",
        "@deepseek-ai/dsh-host-apiproxy": "^0.1.0-rc.8",
        "@deepseek-ai/dsh-host-webserver": "^0.1.0-rc.8",
        "@deepseek-ai/dsh-invariants": "^0.1.0-rc.8",
        "@deepseek-ai/dsh-llm": "^0.1.0-rc.8",
        "@deepseek-ai/dsh-session": "^0.1.0-rc.8",
        "@deepseek-ai/dsh-tools": "^0.1.0-rc.8"
      }
    },
    "node_modules/@deepseek-ai/dsh-client-locale": {
      "version": "0.1.0-rc.8",
      "dev": true,
      "license": "MIT",
      "peer": true,
      "dependencies": {
        "@deepseek-ai/schemastery": "^3.18.1"
      },
      "peerDependencies": {
        "@deepseek-ai/cordis": "^4.0.1",
        "@deepseek-ai/dsh-api-remotes": "^0.1.0-rc.8",
        "@deepseek-ai/dsh-client-connection": "^0.1.0-rc.8",
        "@deepseek-ai/dsh-client-runtime": "^0.1.0-rc.8",
        "@deepseek-ai/dsh-client-ui-settings": "^0.1.0-rc.8",
        "@deepseek-ai/dsh-invariants": "^0.1.0-rc.8",
        "@deepseek-ai/dsh-settings": "^0.1.0-rc.8"
      }
    },
    "node_modules/@deepseek-ai/dsh-client-runtime": {
      "version": "0.1.0-rc.8",
      "dev": true,
      "license": "MIT",
      "dependencies": {
        "immer": "^10.1.1",
        "zustand": "~4.4.7"
      },
      "peerDependencies": {
        "@deepseek-ai/cordis": "^4.0.1",
        "@deepseek-ai/dsh-agent": "^0.1.0-rc.8",
        "@deepseek-ai/dsh-api-remotes": "^0.1.0-rc.8",
        "@deepseek-ai/dsh-attachment": "^0.1.0-rc.8",
        "@deepseek-ai/dsh-client-connection": "^0.1.0-rc.8",
        "@deepseek-ai/dsh-commands": "^0.1.0-rc.8",
        "@deepseek-ai/dsh-host-apiproxy": "^0.1.0-rc.8",
        "@deepseek-ai/dsh-invariants": "^0.1.0-rc.8",
        "@deepseek-ai/dsh-llm": "^0.1.0-rc.8",
        "@deepseek-ai/dsh-llm-retry": "^0.1.0-rc.8",
        "@deepseek-ai/dsh-session": "^0.1.0-rc.8",
        "@deepseek-ai/dsh-session-projection": "^0.1.0-rc.8",
        "@deepseek-ai/dsh-session-title": "^0.1.0-rc.8",
        "@deepseek-ai/dsh-tools": "^0.1.0-rc.8",
        "@deepseek-ai/dsh-typert-protocol": "^0.1.0-rc.8",
        "@deepseek-ai/dsh-typert-registry": "^0.1.0-rc.8"
      }
    },
    "node_modules/@deepseek-ai/dsh-client-ui-layout": {
      "version": "0.1.0-rc.8",
      "dev": true,
      "license": "MIT",
      "peerDependencies": {
        "@deepseek-ai/cordis": "^4.0.1",
        "@deepseek-ai/dsh-client-runtime": "^0.1.0-rc.8",
        "@deepseek-ai/dsh-client-ui-theme": "^0.1.0-rc.8",
        "@deepseek-ai/dsh-invariants": "^0.1.0-rc.8"
      }
    },
    "node_modules/@deepseek-ai/dsh-client-ui-settings": {
      "version": "0.1.0-rc.8",
      "dev": true,
      "license": "MIT",
      "peer": true,
      "dependencies": {
        "@deepseek-ai/schemastery": "^3.18.1"
      },
      "peerDependencies": {
        "@deepseek-ai/cordis": "^4.0.1",
        "@deepseek-ai/dsh-api-remotes": "^0.1.0-rc.8",
        "@deepseek-ai/dsh-client-connection": "^0.1.0-rc.8",
        "@deepseek-ai/dsh-client-runtime": "^0.1.0-rc.8",
        "@deepseek-ai/dsh-invariants": "^0.1.0-rc.8",
        "@deepseek-ai/dsh-settings": "^0.1.0-rc.8"
      }
    },
    "node_modules/@deepseek-ai/dsh-client-ui-sidebar": {
      "version": "0.1.0-rc.8",
      "dev": true,
      "license": "MIT",
      "dependencies": {
        "clsx": "^2.0.0"
      },
      "peerDependencies": {
        "@deepseek-ai/cordis": "^4.0.1",
        "@deepseek-ai/dsh-client-locale": "^0.1.0-rc.8",
        "@deepseek-ai/dsh-client-runtime": "^0.1.0-rc.8",
        "@deepseek-ai/dsh-client-ui-layout": "^0.1.0-rc.8",
        "@deepseek-ai/dsh-invariants": "^0.1.0-rc.8"
      }
    },
    "node_modules/@deepseek-ai/dsh-client-ui-slots": {
      "version": "0.1.0-rc.8",
      "dev": true,
      "license": "MIT",
      "peerDependencies": {
        "@deepseek-ai/cordis": "^4.0.1",
        "@deepseek-ai/dsh-invariants": "^0.1.0-rc.8"
      }
    },
    "node_modules/@deepseek-ai/dsh-client-ui-theme": {
      "version": "0.1.0-rc.8",
      "dev": true,
      "license": "MIT",
      "peer": true,
      "dependencies": {
        "@deepseek-ai/schemastery": "^3.18.1",
        "clsx": "^2.0.0"
      },
      "peerDependencies": {
        "@deepseek-ai/cordis": "^4.0.1",
        "@deepseek-ai/dsh-api-remotes": "^0.1.0-rc.8",
        "@deepseek-ai/dsh-client-connection": "^0.1.0-rc.8",
        "@deepseek-ai/dsh-client-locale": "^0.1.0-rc.8",
        "@deepseek-ai/dsh-client-runtime": "^0.1.0-rc.8",
        "@deepseek-ai/dsh-client-ui-settings": "^0.1.0-rc.8",
        "@deepseek-ai/dsh-host-webserver": "^0.1.0-rc.8",
        "@deepseek-ai/dsh-invariants": "^0.1.0-rc.8",
        "@deepseek-ai/dsh-settings": "^0.1.0-rc.8"
      }
    },
    "node_modules/@deepseek-ai/dsh-code-runtime": {
      "version": "0.1.0-rc.8",
      "dev": true,
      "license": "MIT",
      "peer": true,
      "peerDependencies": {
        "@deepseek-ai/cordis": "^4.0.1",
        "@deepseek-ai/dsh-invariants": "^0.1.0-rc.8"
      }
    },
    "node_modules/@deepseek-ai/dsh-commands": {
      "version": "0.1.0-rc.8",
      "dev": true,
      "license": "MIT",
      "peer": true,
      "dependencies": {
        "zod": "^4.4.3"
      },
      "peerDependencies": {
        "@deepseek-ai/cordis": "^4.0.1",
        "@deepseek-ai/dsh-agent": "^0.1.0-rc.8",
        "@deepseek-ai/dsh-attachment": "^0.1.0-rc.8",
        "@deepseek-ai/dsh-brand": "^0.1.0-rc.8",
        "@deepseek-ai/dsh-invariants": "^0.1.0-rc.8",
        "@deepseek-ai/dsh-llm": "^0.1.0-rc.8",
        "@deepseek-ai/dsh-scope": "^0.1.0-rc.8",
        "@deepseek-ai/dsh-session": "^0.1.0-rc.8",
        "@deepseek-ai/dsh-typert-protocol": "^0.1.0-rc.8"
      }
    },
    "node_modules/@deepseek-ai/dsh-compaction": {
      "version": "0.1.0-rc.8",
      "dev": true,
      "license": "MIT",
      "peer": true,
      "peerDependencies": {
        "@deepseek-ai/cordis": "^4.0.1",
        "@deepseek-ai/dsh-brand": "^0.1.0-rc.8",
        "@deepseek-ai/dsh-commands": "^0.1.0-rc.8",
        "@deepseek-ai/dsh-invariants": "^0.1.0-rc.8",
        "@deepseek-ai/dsh-llm": "^0.1.0-rc.8",
        "@deepseek-ai/dsh-session": "^0.1.0-rc.8"
      }
    },
    "node_modules/@deepseek-ai/dsh-cordis-host-runner": {
      "version": "0.1.0-rc.8",
      "dev": true,
      "license": "MIT",
      "peer": true,
      "dependencies": {
        "@deepseek-ai/schemastery": "^3.18.1",
        "zod": "^4.4.3"
      },
      "peerDependencies": {
        "@deepseek-ai/cordis": "^4.0.1",
        "@deepseek-ai/dsh-agent": "^0.1.0-rc.8",
        "@deepseek-ai/dsh-brand": "^0.1.0-rc.8",
        "@deepseek-ai/dsh-invariants": "^0.1.0-rc.8",
        "@deepseek-ai/dsh-llm": "^0.1.0-rc.8",
        "@deepseek-ai/dsh-scope": "^0.1.0-rc.8",
        "@deepseek-ai/dsh-session": "^0.1.0-rc.8",
        "@deepseek-ai/dsh-tools": "^0.1.0-rc.8",
        "@deepseek-ai/dsh-typert-protocol": "^0.1.0-rc.8"
      }
    },
    "node_modules/@deepseek-ai/dsh-credentials": {
      "version": "0.1.0-rc.8",
      "dev": true,
      "license": "MIT",
      "peer": true,
      "peerDependencies": {
        "@deepseek-ai/cordis": "^4.0.1",
        "@deepseek-ai/dsh-brand": "^0.1.0-rc.8",
        "@deepseek-ai/dsh-invariants": "^0.1.0-rc.8"
      }
    },
    "node_modules/@deepseek-ai/dsh-file-reference": {
      "version": "0.1.0-rc.8",
      "dev": true,
      "license": "MIT",
      "peer": true,
      "dependencies": {
        "zod": "^4.4.3"
      },
      "peerDependencies": {
        "@deepseek-ai/cordis": "^4.0.1",
        "@deepseek-ai/dsh-agent": "^0.1.0-rc.8",
        "@deepseek-ai/dsh-invariants": "^0.1.0-rc.8",
        "@deepseek-ai/dsh-typert-protocol": "^0.1.0-rc.8"
      }
    },
    "node_modules/@deepseek-ai/dsh-goal": {
      "version": "0.1.0-rc.8",
      "dev": true,
      "license": "MIT",
      "peer": true,
      "dependencies": {
        "@deepseek-ai/schemastery": "^3.18.1",
        "zod": "^4.4.3"
      },
      "peerDependencies": {
        "@deepseek-ai/cordis": "^4.0.1",
        "@deepseek-ai/dsh-agent": "^0.1.0-rc.8",
        "@deepseek-ai/dsh-brand": "^0.1.0-rc.8",
        "@deepseek-ai/dsh-invariants": "^0.1.0-rc.8",
        "@deepseek-ai/dsh-llm": "^0.1.0-rc.8",
        "@deepseek-ai/dsh-scope": "^0.1.0-rc.8",
        "@deepseek-ai/dsh-session": "^0.1.0-rc.8",
        "@deepseek-ai/dsh-session-projection": "^0.1.0-rc.8",
        "@deepseek-ai/dsh-typert-protocol": "^0.1.0-rc.8"
      }
    },
    "node_modules/@deepseek-ai/dsh-home-paths": {
      "version": "0.1.0-rc.8",
      "dev": true,
      "license": "MIT",
      "peer": true,
      "peerDependencies": {
        "@deepseek-ai/cordis": "^4.0.1",
        "@deepseek-ai/dsh-invariants": "^0.1.0-rc.8"
      }
    },
    "node_modules/@deepseek-ai/dsh-host-apiproxy": {
      "version": "0.1.0-rc.8",
      "dev": true,
      "license": "MIT",
      "peer": true,
      "dependencies": {
        "@deepseek-ai/dsh-agent": "^0.1.0-rc.8",
        "@deepseek-ai/dsh-agent-default-model": "^0.1.0-rc.8",
        "@deepseek-ai/dsh-api-remotes": "^0.1.0-rc.8",
        "@deepseek-ai/dsh-attachment": "^0.1.0-rc.8",
        "@deepseek-ai/dsh-brand": "^0.1.0-rc.8",
        "@deepseek-ai/dsh-commands": "^0.1.0-rc.8",
        "@deepseek-ai/dsh-credentials": "^0.1.0-rc.8",
        "@deepseek-ai/dsh-goal": "^0.1.0-rc.8",
        "@deepseek-ai/dsh-host-directory-picker": "^0.1.0-rc.8",
        "@deepseek-ai/dsh-jobs": "^0.1.0-rc.8",
        "@deepseek-ai/dsh-llm": "^0.1.0-rc.8",
        "@deepseek-ai/dsh-native-command": "^0.1.0-rc.8",
        "@deepseek-ai/dsh-session": "^0.1.0-rc.8",
        "@deepseek-ai/dsh-session-persistence": "^0.1.0-rc.8",
        "@deepseek-ai/dsh-session-projection": "^0.1.0-rc.8",
        "@deepseek-ai/dsh-session-projection-cache": "^0.1.0-rc.8",
        "@deepseek-ai/dsh-session-query": "^0.1.0-rc.8",
        "@deepseek-ai/dsh-session-title": "^0.1.0-rc.8",
        "@deepseek-ai/dsh-settings": "^0.1.0-rc.8",
        "@deepseek-ai/dsh-skill": "^0.1.0-rc.8",
        "@deepseek-ai/dsh-subagent": "^0.1.0-rc.8",
        "@deepseek-ai/dsh-tools": "^0.1.0-rc.8",
        "@deepseek-ai/dsh-user-approval": "^0.1.0-rc.8",
        "@deepseek-ai/dsh-user-questions": "^0.1.0-rc.8",
        "@deepseek-ai/dsh-workspace": "^0.1.0-rc.8",
        "@deepseek-ai/schemastery": "^3.18.1",
        "fflate": "^0.8.2",
        "zod": "^4.4.3"
      },
      "peerDependencies": {
        "@deepseek-ai/cordis": "^4.0.1",
        "@deepseek-ai/dsh-agent-presets": "^0.1.0-rc.8",
        "@deepseek-ai/dsh-cordis-host-runner": "^0.1.0-rc.8",
        "@deepseek-ai/dsh-invariants": "^0.1.0-rc.8"
      }
    },
    "node_modules/@deepseek-ai/dsh-host-directory-picker": {
      "version": "0.1.0-rc.8",
      "dev": true,
      "license": "MIT",
      "peer": true,
      "peerDependencies": {
        "@deepseek-ai/cordis": "^4.0.1",
        "@deepseek-ai/dsh-invariants": "^0.1.0-rc.8"
      }
    },
    "node_modules/@deepseek-ai/dsh-host-plugin-inventory": {
      "version": "0.1.0-rc.8",
      "dev": true,
      "license": "MIT",
      "peer": true,
      "dependencies": {
        "zod": "^4.4.3"
      },
      "peerDependencies": {
        "@deepseek-ai/cordis": "^4.0.1",
        "@deepseek-ai/cordis-plugin-loader": "^1.0.2",
        "@deepseek-ai/dsh-brand": "^0.1.0-rc.8",
        "@deepseek-ai/dsh-invariants": "^0.1.0-rc.8",
        "@deepseek-ai/dsh-typert-protocol": "^0.1.0-rc.8"
      }
    },
    "node_modules/@deepseek-ai/dsh-host-webserver": {
      "version": "0.1.0-rc.8",
      "dev": true,
      "license": "MIT",
      "peer": true,
      "dependencies": {
        "@deepseek-ai/schemastery": "^3.18.1"
      },
      "peerDependencies": {
        "@deepseek-ai/cordis": "^4.0.1",
        "@deepseek-ai/dsh-invariants": "^0.1.0-rc.8"
      }
    },
    "node_modules/@deepseek-ai/dsh-invariants": {
      "version": "0.1.0-rc.8",
      "dev": true,
      "license": "MIT",
      "peer": true,
      "dependencies": {
        "@deepseek-ai/schemastery": "^3.18.1"
      },
      "peerDependencies": {
        "@deepseek-ai/cordis": "^4.0.1"
      }
    },
    "node_modules/@deepseek-ai/dsh-jobs": {
      "version": "0.1.0-rc.8",
      "dev": true,
      "license": "MIT",
      "peer": true,
      "peerDependencies": {
        "@deepseek-ai/cordis": "^4.0.1",
        "@deepseek-ai/dsh-agent": "^0.1.0-rc.8",
        "@deepseek-ai/dsh-brand": "^0.1.0-rc.8",
        "@deepseek-ai/dsh-invariants": "^0.1.0-rc.8",
        "@deepseek-ai/dsh-session": "^0.1.0-rc.8"
      }
    },
    "node_modules/@deepseek-ai/dsh-llm": {
      "version": "0.1.0-rc.8",
      "dev": true,
      "license": "MIT",
      "peer": true,
      "dependencies": {
        "@deepseek-ai/schemastery": "^3.18.1"
      },
      "peerDependencies": {
        "@deepseek-ai/cordis": "^4.0.1",
        "@deepseek-ai/dsh-attachment": "^0.1.0-rc.8",
        "@deepseek-ai/dsh-brand": "^0.1.0-rc.8",
        "@deepseek-ai/dsh-invariants": "^0.1.0-rc.8",
        "@deepseek-ai/dsh-timeout": "^0.1.0-rc.8"
      }
    },
    "node_modules/@deepseek-ai/dsh-llm-retry": {
      "version": "0.1.0-rc.8",
      "dev": true,
      "license": "MIT",
      "peer": true,
      "dependencies": {
        "@deepseek-ai/schemastery": "^3.18.1"
      },
      "peerDependencies": {
        "@deepseek-ai/cordis": "^4.0.1",
        "@deepseek-ai/dsh-agent": "^0.1.0-rc.8",
        "@deepseek-ai/dsh-brand": "^0.1.0-rc.8",
        "@deepseek-ai/dsh-invariants": "^0.1.0-rc.8",
        "@deepseek-ai/dsh-llm": "^0.1.0-rc.8",
        "@deepseek-ai/dsh-session": "^0.1.0-rc.8",
        "@deepseek-ai/dsh-timeout": "^0.1.0-rc.8"
      }
    },
    "node_modules/@deepseek-ai/dsh-message-feedback": {
      "version": "0.1.0-rc.8",
      "dev": true,
      "license": "MIT",
      "peer": true,
      "dependencies": {
        "@deepseek-ai/schemastery": "^3.18.1",
        "zod": "^4.4.3"
      },
      "peerDependencies": {
        "@deepseek-ai/cordis": "^4.0.1",
        "@deepseek-ai/dsh-brand": "^0.1.0-rc.8",
        "@deepseek-ai/dsh-invariants": "^0.1.0-rc.8",
        "@deepseek-ai/dsh-llm": "^0.1.0-rc.8",
        "@deepseek-ai/dsh-session": "^0.1.0-rc.8",
        "@deepseek-ai/dsh-session-persistence": "^0.1.0-rc.8",
        "@deepseek-ai/dsh-storage-domain": "^0.1.0-rc.8",
        "@deepseek-ai/dsh-typert-protocol": "^0.1.0-rc.8"
      }
    },
    "node_modules/@deepseek-ai/dsh-native-command": {
      "version": "0.1.0-rc.8",
      "dev": true,
      "license": "MIT",
      "peer": true,
      "peerDependencies": {
        "@deepseek-ai/cordis": "^4.0.1",
        "@deepseek-ai/dsh-invariants": "^0.1.0-rc.8"
      }
    },
    "node_modules/@deepseek-ai/dsh-output-retention": {
      "version": "0.1.0-rc.8",
      "dev": true,
      "license": "MIT",
      "peer": true,
      "peerDependencies": {
        "@deepseek-ai/cordis": "^4.0.1",
        "@deepseek-ai/dsh-invariants": "^0.1.0-rc.8"
      }
    },
    "node_modules/@deepseek-ai/dsh-permission-presets": {
      "version": "0.1.0-rc.8",
      "dev": true,
      "license": "MIT",
      "peer": true,
      "dependencies": {
        "@deepseek-ai/schemastery": "^3.18.1",
        "zod": "^4.4.3"
      },
      "peerDependencies": {
        "@deepseek-ai/cordis": "^4.0.1",
        "@deepseek-ai/dsh-commands": "^0.1.0-rc.8",
        "@deepseek-ai/dsh-invariants": "^0.1.0-rc.8",
        "@deepseek-ai/dsh-sandbox": "^0.1.0-rc.8",
        "@deepseek-ai/dsh-sandbox-policy": "^0.1.0-rc.8",
        "@deepseek-ai/dsh-session": "^0.1.0-rc.8",
        "@deepseek-ai/dsh-session-projection": "^0.1.0-rc.8",
        "@deepseek-ai/dsh-settings": "^0.1.0-rc.8",
        "@deepseek-ai/dsh-shell": "^0.1.0-rc.8",
        "@deepseek-ai/dsh-user-approval": "^0.1.0-rc.8"
      }
    },
    "node_modules/@deepseek-ai/dsh-sandbox": {
      "version": "0.1.0-rc.8",
      "dev": true,
      "license": "MIT",
      "peer": true,
      "peerDependencies": {
        "@deepseek-ai/cordis": "^4.0.1",
        "@deepseek-ai/dsh-invariants": "^0.1.0-rc.8",
        "@deepseek-ai/dsh-llm": "^0.1.0-rc.8",
        "@deepseek-ai/dsh-session": "^0.1.0-rc.8"
      }
    },
    "node_modules/@deepseek-ai/dsh-sandbox-policy": {
      "version": "0.1.0-rc.8",
      "dev": true,
      "license": "MIT",
      "peer": true,
      "dependencies": {
        "@deepseek-ai/schemastery": "^3.18.1"
      },
      "peerDependencies": {
        "@deepseek-ai/cordis": "^4.0.1",
        "@deepseek-ai/dsh-agent": "^0.1.0-rc.8",
        "@deepseek-ai/dsh-invariants": "^0.1.0-rc.8",
        "@deepseek-ai/dsh-sandbox": "^0.1.0-rc.8",
        "@deepseek-ai/dsh-session": "^0.1.0-rc.8",
        "@deepseek-ai/dsh-system-prompt": "^0.1.0-rc.8"
      }
    },
    "node_modules/@deepseek-ai/dsh-scope": {
      "version": "0.1.0-rc.8",
      "dev": true,
      "license": "MIT",
      "peer": true,
      "peerDependencies": {
        "@deepseek-ai/cordis": "^4.0.1",
        "@deepseek-ai/dsh-invariants": "^0.1.0-rc.8"
      }
    },
    "node_modules/@deepseek-ai/dsh-session": {
      "version": "0.1.0-rc.8",
      "dev": true,
      "license": "MIT",
      "peer": true,
      "peerDependencies": {
        "@deepseek-ai/cordis": "^4.0.1",
        "@deepseek-ai/dsh-brand": "^0.1.0-rc.8",
        "@deepseek-ai/dsh-invariants": "^0.1.0-rc.8",
        "@deepseek-ai/dsh-llm": "^0.1.0-rc.8",
        "@deepseek-ai/dsh-scope": "^0.1.0-rc.8",
        "@deepseek-ai/dsh-typert-protocol": "^0.1.0-rc.8"
      }
    },
    "node_modules/@deepseek-ai/dsh-session-persistence": {
      "version": "0.1.0-rc.8",
      "dev": true,
      "license": "MIT",
      "peer": true,
      "peerDependencies": {
        "@deepseek-ai/cordis": "^4.0.1",
        "@deepseek-ai/dsh-brand": "^0.1.0-rc.8",
        "@deepseek-ai/dsh-invariants": "^0.1.0-rc.8",
        "@deepseek-ai/dsh-session": "^0.1.0-rc.8",
        "@deepseek-ai/dsh-timeout": "^0.1.0-rc.8"
      }
    },
    "node_modules/@deepseek-ai/dsh-session-projection": {
      "version": "0.1.0-rc.8",
      "dev": true,
      "license": "MIT",
      "peer": true,
      "dependencies": {
        "zod": "^4.4.3"
      },
      "peerDependencies": {
        "@deepseek-ai/cordis": "^4.0.1",
        "@deepseek-ai/dsh-invariants": "^0.1.0-rc.8",
        "@deepseek-ai/dsh-session": "^0.1.0-rc.8"
      }
    },
    "node_modules/@deepseek-ai/dsh-session-projection-cache": {
      "version": "0.1.0-rc.8",
      "dev": true,
      "license": "MIT",
      "peer": true,
      "dependencies": {
        "@deepseek-ai/schemastery": "^3.18.1",
        "zod": "^4.4.3"
      },
      "peerDependencies": {
        "@deepseek-ai/cordis": "^4.0.1",
        "@deepseek-ai/dsh-invariants": "^0.1.0-rc.8",
        "@deepseek-ai/dsh-session": "^0.1.0-rc.8",
        "@deepseek-ai/dsh-session-persistence": "^0.1.0-rc.8",
        "@deepseek-ai/dsh-session-projection": "^0.1.0-rc.8",
        "@deepseek-ai/dsh-storage-domain": "^0.1.0-rc.8"
      }
    },
    "node_modules/@deepseek-ai/dsh-session-query": {
      "version": "0.1.0-rc.8",
      "dev": true,
      "license": "MIT",
      "peer": true,
      "peerDependencies": {
        "@deepseek-ai/cordis": "^4.0.1",
        "@deepseek-ai/dsh-brand": "^0.1.0-rc.8",
        "@deepseek-ai/dsh-invariants": "^0.1.0-rc.8",
        "@deepseek-ai/dsh-llm": "^0.1.0-rc.8",
        "@deepseek-ai/dsh-session": "^0.1.0-rc.8",
        "@deepseek-ai/dsh-session-persistence": "^0.1.0-rc.8",
        "@deepseek-ai/dsh-session-title": "^0.1.0-rc.8"
      },
      "peerDependenciesMeta": {
        "@deepseek-ai/dsh-session-persistence": {
          "optional": true
        }
      }
    },
    "node_modules/@deepseek-ai/dsh-session-reference": {
      "version": "0.1.0-rc.8",
      "dev": true,
      "license": "MIT",
      "peer": true,
      "dependencies": {
        "@deepseek-ai/schemastery": "^3.18.1",
        "zod": "^4.4.3"
      },
      "peerDependencies": {
        "@deepseek-ai/cordis": "^4.0.1",
        "@deepseek-ai/dsh-agent": "^0.1.0-rc.8",
        "@deepseek-ai/dsh-compaction": "^0.1.0-rc.8",
        "@deepseek-ai/dsh-invariants": "^0.1.0-rc.8",
        "@deepseek-ai/dsh-llm": "^0.1.0-rc.8",
        "@deepseek-ai/dsh-output-retention": "^0.1.0-rc.8",
        "@deepseek-ai/dsh-session": "^0.1.0-rc.8",
        "@deepseek-ai/dsh-session-query": "^0.1.0-rc.8",
        "@deepseek-ai/dsh-typert-protocol": "^0.1.0-rc.8"
      }
    },
    "node_modules/@deepseek-ai/dsh-session-title": {
      "version": "0.1.0-rc.8",
      "dev": true,
      "license": "MIT",
      "peer": true,
      "dependencies": {
        "@deepseek-ai/schemastery": "^3.18.1",
        "zod": "^4.4.3"
      },
      "peerDependencies": {
        "@deepseek-ai/cordis": "^4.0.1",
        "@deepseek-ai/dsh-brand": "^0.1.0-rc.8",
        "@deepseek-ai/dsh-invariants": "^0.1.0-rc.8",
        "@deepseek-ai/dsh-llm": "^0.1.0-rc.8",
        "@deepseek-ai/dsh-session": "^0.1.0-rc.8",
        "@deepseek-ai/dsh-session-projection": "^0.1.0-rc.8"
      }
    },
    "node_modules/@deepseek-ai/dsh-settings": {
      "version": "0.1.0-rc.8",
      "dev": true,
      "license": "MIT",
      "peer": true,
      "peerDependencies": {
        "@deepseek-ai/cordis": "^4.0.1",
        "@deepseek-ai/dsh-brand": "^0.1.0-rc.8",
        "@deepseek-ai/dsh-invariants": "^0.1.0-rc.8",
        "@deepseek-ai/schemastery": "^3.18.1"
      }
    },
    "node_modules/@deepseek-ai/dsh-shell": {
      "version": "0.1.0-rc.8",
      "dev": true,
      "license": "MIT",
      "peer": true,
      "peerDependencies": {
        "@deepseek-ai/cordis": "^4.0.1",
        "@deepseek-ai/dsh-invariants": "^0.1.0-rc.8",
        "@deepseek-ai/dsh-sandbox": "^0.1.0-rc.8",
        "@deepseek-ai/dsh-settings": "^0.1.0-rc.8",
        "@deepseek-ai/dsh-subprocess": "^0.1.0-rc.8"
      }
    },
    "node_modules/@deepseek-ai/dsh-skill": {
      "version": "0.1.0-rc.8",
      "dev": true,
      "license": "MIT",
      "peer": true,
      "dependencies": {
        "@deepseek-ai/schemastery": "^3.18.1"
      },
      "peerDependencies": {
        "@deepseek-ai/cordis": "^4.0.1",
        "@deepseek-ai/dsh-invariants": "^0.1.0-rc.8",
        "@deepseek-ai/dsh-llm": "^0.1.0-rc.8",
        "@deepseek-ai/dsh-scope": "^0.1.0-rc.8"
      }
    },
    "node_modules/@deepseek-ai/dsh-storage": {
      "version": "0.1.0-rc.8",
      "dev": true,
      "license": "MIT",
      "peer": true,
      "peerDependencies": {
        "@deepseek-ai/cordis": "^4.0.1",
        "@deepseek-ai/dsh-invariants": "^0.1.0-rc.8"
      }
    },
    "node_modules/@deepseek-ai/dsh-storage-domain": {
      "version": "0.1.0-rc.8",
      "dev": true,
      "license": "MIT",
      "peer": true,
      "dependencies": {
        "@deepseek-ai/schemastery": "^3.18.1",
        "zod": "^4.4.3"
      },
      "peerDependencies": {
        "@deepseek-ai/cordis": "^4.0.1",
        "@deepseek-ai/dsh-invariants": "^0.1.0-rc.8",
        "@deepseek-ai/dsh-storage": "^0.1.0-rc.8"
      }
    },
    "node_modules/@deepseek-ai/dsh-subagent": {
      "version": "0.1.0-rc.8",
      "dev": true,
      "license": "MIT",
      "peer": true,
      "dependencies": {
        "zod": "^4.4.3"
      },
      "peerDependencies": {
        "@deepseek-ai/cordis": "^4.0.1",
        "@deepseek-ai/dsh-agent": "^0.1.0-rc.8",
        "@deepseek-ai/dsh-agent-presets": "^0.1.0-rc.8",
        "@deepseek-ai/dsh-brand": "^0.1.0-rc.8",
        "@deepseek-ai/dsh-invariants": "^0.1.0-rc.8",
        "@deepseek-ai/dsh-jobs": "^0.1.0-rc.8",
        "@deepseek-ai/dsh-llm": "^0.1.0-rc.8",
        "@deepseek-ai/dsh-sandbox": "^0.1.0-rc.8",
        "@deepseek-ai/dsh-sandbox-policy": "^0.1.0-rc.8",
        "@deepseek-ai/dsh-scope": "^0.1.0-rc.8",
        "@deepseek-ai/dsh-session": "^0.1.0-rc.8",
        "@deepseek-ai/dsh-session-persistence": "^0.1.0-rc.8",
        "@deepseek-ai/dsh-session-projection": "^0.1.0-rc.8",
        "@deepseek-ai/dsh-session-projection-cache": "^0.1.0-rc.8",
        "@deepseek-ai/dsh-tools": "^0.1.0-rc.8",
        "@deepseek-ai/dsh-user-approval": "^0.1.0-rc.8"
      },
      "peerDependenciesMeta": {
        "@deepseek-ai/dsh-agent-presets": {
          "optional": true
        },
        "@deepseek-ai/dsh-jobs": {
          "optional": true
        },
        "@deepseek-ai/dsh-sandbox": {
          "optional": true
        },
        "@deepseek-ai/dsh-sandbox-policy": {
          "optional": true
        },
        "@deepseek-ai/dsh-session-persistence": {
          "optional": true
        },
        "@deepseek-ai/dsh-session-projection": {
          "optional": true
        },
        "@deepseek-ai/dsh-session-projection-cache": {
          "optional": true
        },
        "@deepseek-ai/dsh-user-approval": {
          "optional": true
        }
      }
    },
    "node_modules/@deepseek-ai/dsh-subprocess": {
      "version": "0.1.0-rc.8",
      "dev": true,
      "license": "MIT",
      "peer": true,
      "peerDependencies": {
        "@deepseek-ai/cordis": "^4.0.1",
        "@deepseek-ai/dsh-invariants": "^0.1.0-rc.8"
      }
    },
    "node_modules/@deepseek-ai/dsh-system-prompt": {
      "version": "0.1.0-rc.8",
      "dev": true,
      "license": "MIT",
      "peer": true,
      "dependencies": {
        "@deepseek-ai/schemastery": "^3.18.1"
      },
      "peerDependencies": {
        "@deepseek-ai/cordis": "^4.0.1",
        "@deepseek-ai/dsh-invariants": "^0.1.0-rc.8",
        "@deepseek-ai/dsh-llm": "^0.1.0-rc.8",
        "@deepseek-ai/dsh-scope": "^0.1.0-rc.8"
      }
    },
    "node_modules/@deepseek-ai/dsh-timeout": {
      "version": "0.1.0-rc.8",
      "dev": true,
      "license": "MIT",
      "peer": true,
      "peerDependencies": {
        "@deepseek-ai/cordis": "^4.0.1",
        "@deepseek-ai/dsh-invariants": "^0.1.0-rc.8"
      }
    },
    "node_modules/@deepseek-ai/dsh-tools": {
      "version": "0.1.0-rc.8",
      "dev": true,
      "license": "MIT",
      "dependencies": {
        "@deepseek-ai/schemastery": "^3.18.1"
      },
      "peerDependencies": {
        "@deepseek-ai/cordis": "^4.0.1",
        "@deepseek-ai/dsh-agent": "^0.1.0-rc.8",
        "@deepseek-ai/dsh-code-runtime": "^0.1.0-rc.8",
        "@deepseek-ai/dsh-invariants": "^0.1.0-rc.8",
        "@deepseek-ai/dsh-llm": "^0.1.0-rc.8",
        "@deepseek-ai/dsh-scope": "^0.1.0-rc.8",
        "@deepseek-ai/dsh-session": "^0.1.0-rc.8",
        "@deepseek-ai/dsh-system-prompt": "^0.1.0-rc.8",
        "@deepseek-ai/dsh-user-approval": "^0.1.0-rc.8"
      }
    },
    "node_modules/@deepseek-ai/dsh-typert-protocol": {
      "version": "0.1.0-rc.8",
      "dev": true,
      "license": "MIT",
      "peer": true,
      "peerDependencies": {
        "@deepseek-ai/cordis": "^4.0.1",
        "@deepseek-ai/dsh-invariants": "^0.1.0-rc.8"
      }
    },
    "node_modules/@deepseek-ai/dsh-typert-registry": {
      "version": "0.1.0-rc.8",
      "dev": true,
      "license": "MIT",
      "peer": true,
      "dependencies": {
        "@deepseek-ai/dsh-typert-protocol": "^0.1.0-rc.8",
        "zod": "^4.4.3"
      },
      "peerDependencies": {
        "@deepseek-ai/cordis": "^4.0.1",
        "@deepseek-ai/dsh-invariants": "^0.1.0-rc.8"
      }
    },
    "node_modules/@deepseek-ai/dsh-user-approval": {
      "version": "0.1.0-rc.8",
      "dev": true,
      "license": "MIT",
      "peer": true,
      "dependencies": {
        "@deepseek-ai/schemastery": "^3.18.1"
      },
      "peerDependencies": {
        "@deepseek-ai/cordis": "^4.0.1",
        "@deepseek-ai/dsh-agent": "^0.1.0-rc.8",
        "@deepseek-ai/dsh-brand": "^0.1.0-rc.8",
        "@deepseek-ai/dsh-invariants": "^0.1.0-rc.8",
        "@deepseek-ai/dsh-llm": "^0.1.0-rc.8",
        "@deepseek-ai/dsh-scope": "^0.1.0-rc.8",
        "@deepseek-ai/dsh-session": "^0.1.0-rc.8",
        "@deepseek-ai/dsh-system-prompt": "^0.1.0-rc.8"
      }
    },
    "node_modules/@deepseek-ai/dsh-user-questions": {
      "version": "0.1.0-rc.8",
      "dev": true,
      "license": "MIT",
      "peer": true,
      "peerDependencies": {
        "@deepseek-ai/cordis": "^4.0.1",
        "@deepseek-ai/dsh-agent": "^0.1.0-rc.8",
        "@deepseek-ai/dsh-invariants": "^0.1.0-rc.8",
        "@deepseek-ai/dsh-llm": "^0.1.0-rc.8"
      }
    },
    "node_modules/@deepseek-ai/dsh-workspace": {
      "version": "0.1.0-rc.8",
      "dev": true,
      "license": "MIT",
      "peer": true,
      "dependencies": {
        "zod": "^4.4.3"
      },
      "peerDependencies": {
        "@deepseek-ai/cordis": "^4.0.1",
        "@deepseek-ai/dsh-brand": "^0.1.0-rc.8",
        "@deepseek-ai/dsh-invariants": "^0.1.0-rc.8",
        "@deepseek-ai/dsh-session": "^0.1.0-rc.8",
        "@deepseek-ai/dsh-session-persistence": "^0.1.0-rc.8",
        "@deepseek-ai/dsh-storage": "^0.1.0-rc.8",
        "@deepseek-ai/dsh-storage-domain": "^0.1.0-rc.8"
      }
    },
    "node_modules/@deepseek-ai/schemastery": {
      "version": "3.18.1",
      "license": "MIT",
      "dependencies": {
        "@deepseek-ai/cosmokit": "^1.8.2",
        "@standard-schema/spec": "^1.1.0"
      }
    },
    "node_modules/@dsh-docker-services/controller": {
      "resolved": "packages/controller",
      "link": true
    },
    "node_modules/@dsh-docker-services/shared": {
      "resolved": "packages/shared",
      "link": true
    },
    "node_modules/@standard-schema/spec": {
      "version": "1.1.0",
      "license": "MIT"
    },
    "node_modules/@types/node": {
      "version": "22.19.0",
      "dev": true,
      "license": "MIT",
      "dependencies": {
        "undici-types": "~6.21.0"
      }
    },
    "node_modules/argparse": {
      "version": "2.0.1",
      "dev": true,
      "license": "Python-2.0"
    },
    "node_modules/clsx": {
      "version": "2.1.1",
      "dev": true,
      "license": "MIT",
      "engines": {
        "node": ">=6"
      }
    },
    "node_modules/commander": {
      "version": "10.0.1",
      "dev": true,
      "license": "MIT",
      "engines": {
        "node": ">=14"
      }
    },
    "node_modules/dsh-dashboard": {
      "version": "0.7.0",
      "dev": true,
      "license": "MIT",
      "dependencies": {
        "js-yaml": "^4.1.0",
        "liquidjs": "^10.21.0",
        "zod": "^4.0.0"
      },
      "engines": {
        "node": "^22.19.0 || >=24.0.0"
      },
      "peerDependencies": {
        "@deepseek-ai/cordis": "^4.0.1",
        "@deepseek-ai/dsh-agent": ">=0.1.0-rc.5 <0.2.0",
        "@deepseek-ai/dsh-agent-default-model": ">=0.1.0-rc.5 <0.2.0",
        "@deepseek-ai/dsh-agent-presets": ">=0.1.0-rc.5 <0.2.0",
        "@deepseek-ai/dsh-client-connection": ">=0.1.0-rc.5 <0.2.0",
        "@deepseek-ai/dsh-client-locale": ">=0.1.0-rc.6 <0.2.0",
        "@deepseek-ai/dsh-client-runtime": ">=0.1.0-rc.5 <0.2.0",
        "@deepseek-ai/dsh-client-ui-layout": ">=0.1.0-rc.5 <0.2.0",
        "@deepseek-ai/dsh-client-ui-sidebar": ">=0.1.0-rc.5 <0.2.0",
        "@deepseek-ai/dsh-client-ui-slots": ">=0.1.0-rc.5 <0.2.0",
        "@deepseek-ai/dsh-credentials": ">=0.1.0-rc.5 <0.2.0",
        "@deepseek-ai/dsh-llm": ">=0.1.0-rc.5 <0.2.0",
        "@deepseek-ai/dsh-permission-presets": ">=0.1.0-rc.5 <0.2.0",
        "@deepseek-ai/dsh-session": ">=0.1.0-rc.5 <0.2.0",
        "@deepseek-ai/dsh-storage": ">=0.1.0-rc.6 <0.2.0",
        "@deepseek-ai/dsh-storage-domain": ">=0.1.0-rc.6 <0.2.0",
        "@deepseek-ai/dsh-tools": ">=0.1.0-rc.5 <0.2.0",
        "@deepseek-ai/schemastery": "^3.18.1",
        "react": "^18.2.0",
        "react-dom": "^18.2.0"
      }
    },
    "node_modules/dsh-docker-services": {
      "resolved": "packages/plugin",
      "link": true
    },
    "node_modules/fflate": {
      "version": "0.8.3",
      "dev": true,
      "license": "MIT",
      "peer": true
    },
    "node_modules/immer": {
      "version": "10.2.0",
      "dev": true,
      "license": "MIT",
      "funding": {
        "type": "opencollective",
        "url": "https://opencollective.com/immer"
      }
    },
    "node_modules/js-tokens": {
      "version": "4.0.0",
      "dev": true,
      "license": "MIT"
    },
    "node_modules/js-yaml": {
      "version": "4.3.1",
      "dev": true,
      "funding": [
        {
          "type": "github",
          "url": "https://github.com/sponsors/puzrin"
        },
        {
          "type": "github",
          "url": "https://github.com/sponsors/nodeca"
        }
      ],
      "license": "MIT",
      "dependencies": {
        "argparse": "^2.0.1"
      },
      "bin": {
        "js-yaml": "bin/js-yaml.js"
      }
    },
    "node_modules/liquidjs": {
      "version": "10.29.0",
      "dev": true,
      "license": "MIT",
      "dependencies": {
        "commander": "^10.0.0"
      },
      "bin": {
        "liquid": "bin/liquid.js",
        "liquidjs": "bin/liquid.js"
      },
      "engines": {
        "node": ">=16"
      },
      "funding": {
        "type": "opencollective",
        "url": "https://opencollective.com/liquidjs"
      }
    },
    "node_modules/loose-envify": {
      "version": "1.4.0",
      "dev": true,
      "license": "MIT",
      "dependencies": {
        "js-tokens": "^3.0.0 || ^4.0.0"
      },
      "bin": {
        "loose-envify": "cli.js"
      }
    },
    "node_modules/react": {
      "version": "18.3.1",
      "dev": true,
      "license": "MIT",
      "dependencies": {
        "loose-envify": "^1.1.0"
      },
      "engines": {
        "node": ">=0.10.0"
      }
    },
    "node_modules/react-dom": {
      "version": "18.3.1",
      "dev": true,
      "license": "MIT",
      "peer": true,
      "dependencies": {
        "loose-envify": "^1.1.0",
        "scheduler": "^0.23.2"
      },
      "peerDependencies": {
        "react": "^18.3.1"
      }
    },
    "node_modules/scheduler": {
      "version": "0.23.2",
      "dev": true,
      "license": "MIT",
      "peer": true,
      "dependencies": {
        "loose-envify": "^1.1.0"
      }
    },
    "node_modules/typescript": {
      "version": "5.9.3",
      "dev": true,
      "license": "Apache-2.0",
      "bin": {
        "tsc": "bin/tsc",
        "tsserver": "bin/tsserver"
      },
      "engines": {
        "node": ">=14.17"
      }
    },
    "node_modules/undici-types": {
      "version": "6.21.0",
      "dev": true,
      "license": "MIT"
    },
    "node_modules/use-sync-external-store": {
      "version": "1.2.0",
      "dev": true,
      "license": "MIT",
      "peerDependencies": {
        "react": "^16.8.0 || ^17.0.0 || ^18.0.0"
      }
    },
    "node_modules/ws": {
      "version": "8.21.3",
      "dev": true,
      "license": "MIT",
      "engines": {
        "node": ">=10.0.0"
      },
      "peerDependencies": {
        "bufferutil": "^4.0.1",
        "utf-8-validate": ">=5.0.2"
      },
      "peerDependenciesMeta": {
        "bufferutil": {
          "optional": true
        },
        "utf-8-validate": {
          "optional": true
        }
      }
    },
    "node_modules/zod": {
      "version": "4.4.3",
      "dev": true,
      "license": "MIT",
      "funding": {
        "url": "https://github.com/sponsors/colinhacks"
      }
    },
    "node_modules/zustand": {
      "version": "4.4.7",
      "dev": true,
      "license": "MIT",
      "dependencies": {
        "use-sync-external-store": "1.2.0"
      },
      "engines": {
        "node": ">=12.7.0"
      },
      "peerDependencies": {
        "@types/react": ">=16.8",
        "immer": ">=9.0",
        "react": ">=16.8"
      },
      "peerDependenciesMeta": {
        "@types/react": {
          "optional": true
        },
        "immer": {
          "optional": true
        },
        "react": {
          "optional": true
        }
      }
    },
    "packages/controller": {
      "name": "@dsh-docker-services/controller",
      "version": "0.1.0",
      "license": "Apache-2.0",
      "dependencies": {
        "@dsh-docker-services/shared": "0.1.0"
      },
      "bin": {
        "dsh-docker-services-controller": "lib/src/main.js"
      }
    },
    "packages/plugin": {
      "name": "dsh-docker-services",
      "version": "0.1.0",
      "license": "Apache-2.0",
      "dependencies": {
        "@deepseek-ai/schemastery": "3.18.1"
      },
      "devDependencies": {
        "@deepseek-ai/cordis": "4.0.1",
        "@deepseek-ai/dsh-client-connection": "0.1.0-rc.8",
        "@deepseek-ai/dsh-client-runtime": "0.1.0-rc.8",
        "@deepseek-ai/dsh-client-ui-layout": "0.1.0-rc.8",
        "@deepseek-ai/dsh-client-ui-sidebar": "0.1.0-rc.8",
        "@deepseek-ai/dsh-client-ui-slots": "0.1.0-rc.8",
        "@deepseek-ai/dsh-tools": "0.1.0-rc.8",
        "dsh-dashboard": "0.7.0",
        "react": "18.3.1"
      },
      "engines": {
        "node": "^22.19.0 || >=24.0.0"
      },
      "peerDependencies": {
        "@deepseek-ai/cordis": "^4.0.1",
        "@deepseek-ai/dsh-client-connection": ">=0.1.0-rc.5 <0.2.0",
        "@deepseek-ai/dsh-client-runtime": ">=0.1.0-rc.5 <0.2.0",
        "@deepseek-ai/dsh-client-ui-layout": ">=0.1.0-rc.5 <0.2.0",
        "@deepseek-ai/dsh-client-ui-sidebar": ">=0.1.0-rc.5 <0.2.0",
        "@deepseek-ai/dsh-client-ui-slots": ">=0.1.0-rc.5 <0.2.0",
        "@deepseek-ai/dsh-tools": ">=0.1.0-rc.5 <0.2.0",
        "dsh-dashboard": ">=0.7.0 <0.8.0",
        "react": "^18.2.0"
      }
    },
    "packages/shared": {
      "name": "@dsh-docker-services/shared",
      "version": "0.1.0",
      "license": "Apache-2.0"
    }
  }
}
